
Microsoft Visual Studio Solution File, Format Version 12.00
# Visual Studio Version 16
VisualStudioVersion = 16.0.30114.105
MinimumVisualStudioVersion = 10.0.40219.1
Project("{2150E333-8FDC-42A3-9474-1A3956D46DE8}") = "src", "src", "{974A3F5A-C2EF-4F39-BC5C-0538C2529713}"
EndProject
Project("{F2A71F9B-5D33-465A-A702-920D77279786}") = "pocof", "src\pocof\pocof.fsproj", "{B3FD894A-43B8-4CC5-8E48-2B9B115F1B58}"
EndProject
Project("{F2A71F9B-5D33-465A-A702-920D77279786}") = "pocof.Test", "src\pocof.Test\pocof.Test.fsproj", "{668A6C50-BC4C-4533-A475-B333AFD6ECB1}"
EndProject
Project("{F2A71F9B-5D33-465A-A702-920D77279786}") = "pocof.Benchmark", "src\pocof.Benchmark\pocof.Benchmark.fsproj", "{3F9F2C36-2721-42E6-A4DB-51663BAB93EA}"
EndProject
Project("{F2A71F9B-5D33-465A-A702-920D77279786}") = "pocof.Inspector", "src\pocof.Inspector\pocof.Inspector.fsproj", "{4D8BBB9F-D1BC-407F-A832-80D6D065253C}"
EndProject
Global
	GlobalSection(SolutionConfigurationPlatforms) = preSolution
		Debug|Any CPU = Debug|Any CPU
		Release|Any CPU = Release|Any CPU
	EndGlobalSection
	GlobalSection(SolutionProperties) = preSolution
		HideSolutionNode = FALSE
	EndGlobalSection
	GlobalSection(ProjectConfigurationPlatforms) = postSolution
		{B3FD894A-43B8-4CC5-8E48-2B9B115F1B58}.Debug|Any CPU.ActiveCfg = Debug|Any CPU
		{B3FD894A-43B8-4CC5-8E48-2B9B115F1B58}.Debug|Any CPU.Build.0 = Debug|Any CPU
		{B3FD894A-43B8-4CC5-8E48-2B9B115F1B58}.Release|Any CPU.ActiveCfg = Release|Any CPU
		{B3FD894A-43B8-4CC5-8E48-2B9B115F1B58}.Release|Any CPU.Build.0 = Release|Any CPU
		{668A6C50-BC4C-4533-A475-B333AFD6ECB1}.Debug|Any CPU.ActiveCfg = Debug|Any CPU
		{668A6C50-BC4C-4533-A475-B333AFD6ECB1}.Debug|Any CPU.Build.0 = Debug|Any CPU
		{668A6C50-BC4C-4533-A475-B333AFD6ECB1}.Release|Any CPU.ActiveCfg = Release|Any CPU
		{668A6C50-BC4C-4533-A475-B333AFD6ECB1}.Release|Any CPU.Build.0 = Release|Any CPU
		{3F9F2C36-2721-42E6-A4DB-51663BAB93EA}.Debug|Any CPU.ActiveCfg = Debug|Any CPU
		{3F9F2C36-2721-42E6-A4DB-51663BAB93EA}.Debug|Any CPU.Build.0 = Debug|Any CPU
		{3F9F2C36-2721-42E6-A4DB-51663BAB93EA}.Release|Any CPU.ActiveCfg = Release|Any CPU
		{3F9F2C36-2721-42E6-A4DB-51663BAB93EA}.Release|Any CPU.Build.0 = Release|Any CPU
		{4D8BBB9F-D1BC-407F-A832-80D6D065253C}.Debug|Any CPU.ActiveCfg = Debug|Any CPU
		{4D8BBB9F-D1BC-407F-A832-80D6D065253C}.Debug|Any CPU.Build.0 = Debug|Any CPU
		{4D8BBB9F-D1BC-407F-A832-80D6D065253C}.Release|Any CPU.ActiveCfg = Release|Any CPU
		{4D8BBB9F-D1BC-407F-A832-80D6D065253C}.Release|Any CPU.Build.0 = Release|Any CPU
	EndGlobalSection
	GlobalSection(NestedProjects) = preSolution
		{B3FD894A-43B8-4CC5-8E48-2B9B115F1B58} = {974A3F5A-C2EF-4F39-BC5C-0538C2529713}
		{668A6C50-BC4C-4533-A475-B333AFD6ECB1} = {974A3F5A-C2EF-4F39-BC5C-0538C2529713}
		{3F9F2C36-2721-42E6-A4DB-51663BAB93EA} = {974A3F5A-C2EF-4F39-BC5C-0538C2529713}
		{4D8BBB9F-D1BC-407F-A832-80D6D065253C} = {974A3F5A-C2EF-4F39-BC5C-0538C2529713}
	EndGlobalSection
EndGlobal
